
Microsoft Visual Studio Solution File, Format Version 12.00
# Visual Studio Version 17
VisualStudioVersion = 17.2.32630.192
MinimumVisualStudioVersion = 10.0.40219.1
Project("{9A19103F-16F7-4668-BE54-9A1E7A4F7556}") = "MyCourse", "MyCourse.csproj", "{BE7851C9-F75A-482B-ABC7-FE686BCFC981}"
EndProject
Global
	GlobalSection(SolutionConfigurationPlatforms) = preSolution
		Debug|Any CPU = Debug|Any CPU
		Release|Any CPU = Release|Any CPU
	EndGlobalSection
	GlobalSection(ProjectConfigurationPlatforms) = postSolution
		{BE7851C9-F75A-482B-ABC7-FE686BCFC981}.Debug|Any CPU.ActiveCfg = Debug|Any CPU
		{BE7851C9-F75A-482B-ABC7-FE686BCFC981}.Debug|Any CPU.Build.0 = Debug|Any CPU
		{BE7851C9-F75A-482B-ABC7-FE686BCFC981}.Release|Any CPU.ActiveCfg = Release|Any CPU
		{BE7851C9-F75A-482B-ABC7-FE686BCFC981}.Release|Any CPU.Build.0 = Release|Any CPU
	EndGlobalSection
	GlobalSection(SolutionProperties) = preSolution
		HideSolutionNode = FALSE
	EndGlobalSection
	GlobalSection(ExtensibilityGlobals) = postSolution
		SolutionGuid = {0F5D7140-C345-4515-80AB-D5B8B345D189}
	EndGlobalSection
EndGlobal
